// !$*UTF8*$!
{
	archiveVersion = 1;
	classes = {
	};
	objectVersion = 48;
	objects = {

/* Begin PBXBuildFile section */
		261ECF7620663DD800C9117D /* AppDelegate.swift in Sources */ = {isa = PBXBuildFile; fileRef = 261ECF7520663DD800C9117D /* AppDelegate.swift */; };
		261ECF7820663DD800C9117D /* ViewController.swift in Sources */ = {isa = PBXBuildFile; fileRef = 261ECF7720663DD800C9117D /* ViewController.swift */; };
		261ECF7B20663DD800C9117D /* Main.storyboard in Resources */ = {isa = PBXBuildFile; fileRef = 261ECF7920663DD800C9117D /* Main.storyboard */; };
		261ECF7D20663DD800C9117D /* Assets.xcassets in Resources */ = {isa = PBXBuildFile; fileRef = 261ECF7C20663DD800C9117D /* Assets.xcassets */; };
		261ECF8020663DD800C9117D /* LaunchScreen.storyboard in Resources */ = {isa = PBXBuildFile; fileRef = 261ECF7E20663DD800C9117D /* LaunchScreen.storyboard */; };
		261ECF8C2066417100C9117D /* DummyViewController.swift in Sources */ = {isa = PBXBuildFile; fileRef = 261ECF8B2066417100C9117D /* DummyViewController.swift */; };
		261ECF8E2066498300C9117D /* SecondBoard.storyboard in Resources */ = {isa = PBXBuildFile; fileRef = 261ECF8D2066498300C9117D /* SecondBoard.storyboard */; };
		261ECF90206652A200C9117D /* NiceViewController.swift in Sources */ = {isa = PBXBuildFile; fileRef = 261ECF8F206652A200C9117D /* NiceViewController.swift */; };
		26EE838A20679EA00095DD4A /* File.strings in Resources */ = {isa = PBXBuildFile; fileRef = 26EE838C20679EA00095DD4A /* File.strings */; };
/* End PBXBuildFile section */

/* Begin PBXFileReference section */
		261ECF7220663DD800C9117D /* NavDemo.app */ = {isa = PBXFileReference; explicitFileType = wrapper.application; includeInIndex = 0; path = NavDemo.app; sourceTree = BUILT_PRODUCTS_DIR; };
		261ECF7520663DD800C9117D /* AppDelegate.swift */ = {isa = PBXFileReference; lastKnownFileType = sourcecode.swift; path = AppDelegate.swift; sourceTree = "<group>"; };
		261ECF7720663DD800C9117D /* ViewController.swift */ = {isa = PBXFileReference; lastKnownFileType = sourcecode.swift; path = ViewController.swift; sourceTree = "<group>"; };
		261ECF7A20663DD800C9117D /* Base */ = {isa = PBXFileReference; lastKnownFileType = file.storyboard; name = Base; path = Base.lproj/Main.storyboard; sourceTree = "<group>"; };
		261ECF7C20663DD800C9117D /* Assets.xcassets */ = {isa = PBXFileReference; lastKnownFileType = folder.assetcatalog; path = Assets.xcassets; sourceTree = "<group>"; };
		261ECF7F20663DD800C9117D /* Base */ = {isa = PBXFileReference; lastKnownFileType = file.storyboard; name = Base; path = Base.lproj/LaunchScreen.storyboard; sourceTree = "<group>"; };
		261ECF8120663DD800C9117D /* Info.plist */ = {isa = PBXFileReference; lastKnownFileType = text.plist.xml; path = Info.plist; sourceTree = "<group>"; };
		261ECF8B2066417100C9117D /* DummyViewController.swift */ = {isa = PBXFileReference; lastKnownFileType = sourcecode.swift; path = DummyViewController.swift; sourceTree = "<group>"; };
		261ECF8D2066498300C9117D /* SecondBoard.storyboard */ = {isa = PBXFileReference; lastKnownFileType = file.storyboard; path = SecondBoard.storyboard; sourceTree = "<group>"; };
		261ECF8F206652A200C9117D /* NiceViewController.swift */ = {isa = PBXFileReference; lastKnownFileType = sourcecode.swift; path = NiceViewController.swift; sourceTree = "<group>"; };
		26EE838B20679EA00095DD4A /* en */ = {isa = PBXFileReference; lastKnownFileType = text.plist.strings; name = en; path = en.lproj/File.strings; sourceTree = "<group>"; };
/* End PBXFileReference section */

/* Begin PBXFrameworksBuildPhase section */
		261ECF6F20663DD800C9117D /* Frameworks */ = {
			isa = PBXFrameworksBuildPhase;
			buildActionMask = 2147483647;
			files = (
			);
			runOnlyForDeploymentPostprocessing = 0;
		};
/* End PBXFrameworksBuildPhase section */

/* Begin PBXGroup section */
		261ECF6920663DD800C9117D = {
			isa = PBXGroup;
			children = (
				26EE838C20679EA00095DD4A /* File.strings */,
				261ECF7420663DD800C9117D /* NavDemo */,
				261ECF7320663DD800C9117D /* Products */,
			);
			sourceTree = "<group>";
		};
		261ECF7320663DD800C9117D /* Products */ = {
			isa = PBXGroup;
			children = (
				261ECF7220663DD800C9117D /* NavDemo.app */,
			);
			name = Products;
			sourceTree = "<group>";
		};
		261ECF7420663DD800C9117D /* NavDemo */ = {
			isa = PBXGroup;
			children = (
				261ECF7520663DD800C9117D /* AppDelegate.swift */,
				261ECF7720663DD800C9117D /* ViewController.swift */,
				261ECF8B2066417100C9117D /* DummyViewController.swift */,
				261ECF8F206652A200C9117D /* NiceViewController.swift */,
				261ECF7920663DD800C9117D /* Main.storyboard */,
				261ECF8D2066498300C9117D /* SecondBoard.storyboard */,
				261ECF7C20663DD800C9117D /* Assets.xcassets */,
				261ECF7E20663DD800C9117D /* LaunchScreen.storyboard */,
				261ECF8120663DD800C9117D /* Info.plist */,
			);
			path = NavDemo;
			sourceTree = "<group>";
		};
/* End PBXGroup section */

/* Begin PBXNativeTarget section */
		261ECF7120663DD800C9117D /* NavDemo */ = {
			isa = PBXNativeTarget;
			buildConfigurationList = 261ECF8420663DD800C9117D /* Build configuration list for PBXNativeTarget "NavDemo" */;
			buildPhases = (
				261ECF6E20663DD800C9117D /* Sources */,
				261ECF6F20663DD800C9117D /* Frameworks */,
				261ECF7020663DD800C9117D /* Resources */,
			);
			buildRules = (
			);
			dependencies = (
			);
			name = NavDemo;
			productName = NavDemo;
			productReference = 261ECF7220663DD800C9117D /* NavDemo.app */;
			productType = "com.apple.product-type.application";
		};
/* End PBXNativeTarget section */

/* Begin PBXProject section */
		261ECF6A20663DD800C9117D /* Project object */ = {
			isa = PBXProject;
			attributes = {
				LastSwiftUpdateCheck = 0920;
				LastUpgradeCheck = 0920;
				ORGANIZATIONNAME = cidr5;
				TargetAttributes = {
					261ECF7120663DD800C9117D = {
						CreatedOnToolsVersion = 9.2;
						ProvisioningStyle = Automatic;
					};
				};
			};
			buildConfigurationList = 261ECF6D20663DD800C9117D /* Build configuration list for PBXProject "NavDemo" */;
			compatibilityVersion = "Xcode 8.0";
			developmentRegion = en;
			hasScannedForEncodings = 0;
			knownRegions = (
				en,
				Base,
			);
			mainGroup = 261ECF6920663DD800C9117D;
			productRefGroup = 261ECF7320663DD800C9117D /* Products */;
			projectDirPath = "";
			projectRoot = "";
			targets = (
				261ECF7120663DD800C9117D /* NavDemo */,
			);
		};
/* End PBXProject section */

/* Begin PBXResourcesBuildPhase section */
		261ECF7020663DD800C9117D /* Resources */ = {
			isa = PBXResourcesBuildPhase;
			buildActionMask = 2147483647;
			files = (
				261ECF8020663DD800C9117D /* LaunchScreen.storyboard in Resources */,
				261ECF8E2066498300C9117D /* SecondBoard.storyboard in Resources */,
				261ECF7D20663DD800C9117D /* Assets.xcassets in Resources */,
				261ECF7B20663DD800C9117D /* Main.storyboard in Resources */,
				26EE838A20679EA00095DD4A /* File.strings in Resources */,
			);
			runOnlyForDeploymentPostprocessing = 0;
		};
/* End PBXResourcesBuildPhase section */

/* Begin PBXSourcesBuildPhase section */
		261ECF6E20663DD800C9117D /* Sources */ = {
			isa = PBXSourcesBuildPhase;
			buildActionMask = 2147483647;
			files = (
				261ECF7820663DD800C9117D /* ViewController.swift in Sources */,
				261ECF90206652A200C9117D /* NiceViewController.swift in Sources */,
				261ECF8C2066417100C9117D /* DummyViewController.swift in Sources */,
				261ECF7620663DD800C9117D /* AppDelegate.swift in Sources */,
			);
			runOnlyForDeploymentPostprocessing = 0;
		};
/* End PBXSourcesBuildPhase section */

/* Begin PBXVariantGroup section */
		261ECF7920663DD800C9117D /* Main.storyboard */ = {
			isa = PBXVariantGroup;
			children = (
				261ECF7A20663DD800C9117D /* Base */,
			);
			name = Main.storyboard;
			sourceTree = "<group>";
		};
		261ECF7E20663DD800C9117D /* LaunchScreen.storyboard */ = {
			isa = PBXVariantGroup;
			children = (
				261ECF7F20663DD800C9117D /* Base */,
			);
			name = LaunchScreen.storyboard;
			sourceTree = "<group>";
		};
		26EE838C20679EA00095DD4A /* File.strings */ = {
			isa = PBXVariantGroup;
			children = (
				26EE838B20679EA00095DD4A /* en */,
			);
			name = File.strings;
			sourceTree = "<group>";
		};
/* End PBXVariantGroup section */

/* Begin XCBuildConfiguration section */
		261ECF8220663DD800C9117D /* Debug */ = {
			isa = XCBuildConfiguration;
			buildSettings = {
				ALWAYS_SEARCH_USER_PATHS = NO;
				CLANG_ANALYZER_NONNULL = YES;
				CLANG_ANALYZER_NUMBER_OBJECT_CONVERSION = YES_AGGRESSIVE;
				CLANG_CXX_LANGUAGE_STANDARD = "gnu++14";
				CLANG_CXX_LIBRARY = "libc++";
				CLANG_ENABLE_MODULES = YES;
				CLANG_ENABLE_OBJC_ARC = YES;
				CLANG_WARN_BLOCK_CAPTURE_AUTORELEASING = YES;
				CLANG_WARN_BOOL_CONVERSION = YES;
				CLANG_WARN_COMMA = YES;
				CLANG_WARN_CONSTANT_CONVERSION = YES;
				CLANG_WARN_DIRECT_OBJC_ISA_USAGE = YES_ERROR;
				CLANG_WARN_DOCUMENTATION_COMMENTS = YES;
				CLANG_WARN_EMPTY_BODY = YES;
				CLANG_WARN_ENUM_CONVERSION = YES;
				CLANG_WARN_INFINITE_RECURSION = YES;
				CLANG_WARN_INT_CONVERSION = YES;
				CLANG_WARN_NON_LITERAL_NULL_CONVERSION = YES;
				CLANG_WARN_OBJC_LITERAL_CONVERSION = YES;
				CLANG_WARN_OBJC_ROOT_CLASS = YES_ERROR;
				CLANG_WARN_RANGE_LOOP_ANALYSIS = YES;
				CLANG_WARN_STRICT_PROTOTYPES = YES;
				CLANG_WARN_SUSPICIOUS_MOVE = YES;
				CLANG_WARN_UNGUARDED_AVAILABILITY = YES_AGGRESSIVE;
				CLANG_WARN_UNREACHABLE_CODE = YES;
				CLANG_WARN__DUPLICATE_METHOD_MATCH = YES;
				CODE_SIGN_IDENTITY = "iPhone Developer";
				COPY_PHASE_STRIP = NO;
				DEBUG_INFORMATION_FORMAT = dwarf;
				ENABLE_STRICT_OBJC_MSGSEND = YES;
				ENABLE_TESTABILITY = YES;
				GCC_C_LANGUAGE_STANDARD = gnu11;
				GCC_DYNAMIC_NO_PIC = NO;
				GCC_NO_COMMON_BLOCKS = YES;
				GCC_OPTIMIZATION_LEVEL = 0;
				GCC_PREPROCESSOR_DEFINITIONS = (
					"DEBUG=1",
					"$(inherited)",
				);
				GCC_WARN_64_TO_32_BIT_CONVERSION = YES;
				GCC_WARN_ABOUT_RETURN_TYPE = YES_ERROR;
				GCC_WARN_UNDECLARED_SELECTOR = YES;
				GCC_WARN_UNINITIALIZED_AUTOS = YES_AGGRESSIVE;
				GCC_WARN_UNUSED_FUNCTION = YES;
				GCC_WARN_UNUSED_VARIABLE = YES;
				IPHONEOS_DEPLOYMENT_TARGET = 11.2;
				MTL_ENABLE_DEBUG_INFO = YES;
				ONLY_ACTIVE_ARCH = YES;
				SDKROOT = iphoneos;
				SWIFT_ACTIVE_COMPILATION_CONDITIONS = DEBUG;
				SWIFT_OPTIMIZATION_LEVEL = "-Onone";
			};
			name = Debug;
		};
		261ECF8320663DD800C9117D /* Release */ = {
			isa = XCBuildConfiguration;
			buildSettings = {
				ALWAYS_SEARCH_USER_PATHS = NO;
				CLANG_ANALYZER_NONNULL = YES;
				CLANG_ANALYZER_NUMBER_OBJECT_CONVERSION = YES_AGGRESSIVE;
				CLANG_CXX_LANGUAGE_STANDARD = "gnu++14";
				CLANG_CXX_LIBRARY = "libc++";
				CLANG_ENABLE_MODULES = YES;
				CLANG_ENABLE_OBJC_ARC = YES;
				CLANG_WARN_BLOCK_CAPTURE_AUTORELEASING = YES;
				CLANG_WARN_BOOL_CONVERSION = YES;
				CLANG_WARN_COMMA = YES;
				CLANG_WARN_CONSTANT_CONVERSION = YES;
				CLANG_WARN_DIRECT_OBJC_ISA_USAGE = YES_ERROR;
				CLANG_WARN_DOCUMENTATION_COMMENTS = YES;
				CLANG_WARN_EMPTY_BODY = YES;
				CLANG_WARN_ENUM_CONVERSION = YES;
				CLANG_WARN_INFINITE_RECURSION = YES;
				CLANG_WARN_INT_CONVERSION = YES;
				CLANG_WARN_NON_LITERAL_NULL_CONVERSION = YES;
				CLANG_WARN_OBJC_LITERAL_CONVERSION = YES;
				CLANG_WARN_OBJC_ROOT_CLASS = YES_ERROR;
				CLANG_WARN_RANGE_LOOP_ANALYSIS = YES;
				CLANG_WARN_STRICT_PROTOTYPES = YES;
				CLANG_WARN_SUSPICIOUS_MOVE = YES;
				CLANG_WARN_UNGUARDED_AVAILABILITY = YES_AGGRESSIVE;
				CLANG_WARN_UNREACHABLE_CODE = YES;
				CLANG_WARN__DUPLICATE_METHOD_MATCH = YES;
				CODE_SIGN_IDENTITY = "iPhone Developer";
				COPY_PHASE_STRIP = NO;
				DEBUG_INFORMATION_FORMAT = "dwarf-with-dsym";
				ENABLE_NS_ASSERTIONS = NO;
				ENABLE_STRICT_OBJC_MSGSEND = YES;
				GCC_C_LANGUAGE_STANDARD = gnu11;
				GCC_NO_COMMON_BLOCKS = YES;
				GCC_WARN_64_TO_32_BIT_CONVERSION = YES;
				GCC_WARN_ABOUT_RETURN_TYPE = YES_ERROR;
				GCC_WARN_UNDECLARED_SELECTOR = YES;
				GCC_WARN_UNINITIALIZED_AUTOS = YES_AGGRESSIVE;
				GCC_WARN_UNUSED_FUNCTION = YES;
				GCC_WARN_UNUSED_VARIABLE = YES;
				IPHONEOS_DEPLOYMENT_TARGET = 11.2;
				MTL_ENABLE_DEBUG_INFO = NO;
				SDKROOT = iphoneos;
				SWIFT_OPTIMIZATION_LEVEL = "-Owholemodule";
				VALIDATE_PRODUCT = YES;
			};
			name = Release;
		};
		261ECF8520663DD800C9117D /* Debug */ = {
			isa = XCBuildConfiguration;
			buildSettings = {
				ASSETCATALOG_COMPILER_APPICON_NAME = AppIcon;
				CODE_SIGN_STYLE = Automatic;
				DEVELOPMENT_TEAM = ADQB5KFLF2;
				INFOPLIST_FILE = NavDemo/Info.plist;
				LD_RUNPATH_SEARCH_PATHS = "$(inherited) @executable_path/Frameworks";
				PRODUCT_BUNDLE_IDENTIFIER = ci5.NavDemo;
				PRODUCT_NAME = "$(TARGET_NAME)";
				SWIFT_VERSION = 4.0;
				TARGETED_DEVICE_FAMILY = "1,2";
			};
			name = Debug;
		};
		261ECF8620663DD800C9117D /* Release */ = {
			isa = XCBuildConfiguration;
			buildSettings = {
				ASSETCATALOG_COMPILER_APPICON_NAME = AppIcon;
				CODE_SIGN_STYLE = Automatic;
				DEVELOPMENT_TEAM = ADQB5KFLF2;
				INFOPLIST_FILE = NavDemo/Info.plist;
				LD_RUNPATH_SEARCH_PATHS = "$(inherited) @executable_path/Frameworks";
				PRODUCT_BUNDLE_IDENTIFIER = ci5.NavDemo;
				PRODUCT_NAME = "$(TARGET_NAME)";
				SWIFT_VERSION = 4.0;
				TARGETED_DEVICE_FAMILY = "1,2";
			};
			name = Release;
		};
/* End XCBuildConfiguration section */

/* Begin XCConfigurationList section */
		261ECF6D20663DD800C9117D /* Build configuration list for PBXProject "NavDemo" */ = {
			isa = XCConfigurationList;
			buildConfigurations = (
				261ECF8220663DD800C9117D /* Debug */,
				261ECF8320663DD800C9117D /* Release */,
			);
			defaultConfigurationIsVisible = 0;
			defaultConfigurationName = Release;
		};
		261ECF8420663DD800C9117D /* Build configuration list for PBXNativeTarget "NavDemo" */ = {
			isa = XCConfigurationList;
			buildConfigurations = (
				261ECF8520663DD800C9117D /* Debug */,
				261ECF8620663DD800C9117D /* Release */,
			);
			defaultConfigurationIsVisible = 0;
			defaultConfigurationName = Release;
		};
/* End XCConfigurationList section */
	};
	rootObject = 261ECF6A20663DD800C9117D /* Project object */;
}
